
Microsoft Visual Studio Solution File, Format Version 12.00
# Visual Studio Version 17
VisualStudioVersion = 17.7.34024.191
MinimumVisualStudioVersion = 10.0.40219.1
Project("{FAE04EC0-301F-11D3-BF4B-00C04F79EFBC}") = "PROYECTO_02", "PROYECTO_02.csproj", "{9AE1219B-E67D-4B1A-97BE-061A3E812730}"
EndProject
Global
	GlobalSection(SolutionConfigurationPlatforms) = preSolution
		Debug|Any CPU = Debug|Any CPU
		Release|Any CPU = Release|Any CPU
	EndGlobalSection
	GlobalSection(ProjectConfigurationPlatforms) = postSolution
		{9AE1219B-E67D-4B1A-97BE-061A3E812730}.Debug|Any CPU.ActiveCfg = Debug|Any CPU
		{9AE1219B-E67D-4B1A-97BE-061A3E812730}.Debug|Any CPU.Build.0 = Debug|Any CPU
		{9AE1219B-E67D-4B1A-97BE-061A3E812730}.Release|Any CPU.ActiveCfg = Release|Any CPU
		{9AE1219B-E67D-4B1A-97BE-061A3E812730}.Release|Any CPU.Build.0 = Release|Any CPU
	EndGlobalSection
	GlobalSection(SolutionProperties) = preSolution
		HideSolutionNode = FALSE
	EndGlobalSection
	GlobalSection(ExtensibilityGlobals) = postSolution
		SolutionGuid = {42072C5A-2F97-4D21-B318-441546329994}
	EndGlobalSection
EndGlobal
